
Microsoft Visual Studio Solution File, Format Version 12.00
# Visual Studio 15
VisualStudioVersion = 15.0.28307.645
MinimumVisualStudioVersion = 10.0.40219.1
Project("{9A19103F-16F7-4668-BE54-9A1E7A4F7556}") = "DatingApp.API", "DatingApp.API.csproj", "{615E5C31-1018-4C7C-873C-39E8BBC1170C}"
EndProject
Global
	GlobalSection(SolutionConfigurationPlatforms) = preSolution
		Debug|Any CPU = Debug|Any CPU
		Release|Any CPU = Release|Any CPU
	EndGlobalSection
	GlobalSection(ProjectConfigurationPlatforms) = postSolution
		{615E5C31-1018-4C7C-873C-39E8BBC1170C}.Debug|Any CPU.ActiveCfg = Debug|Any CPU
		{615E5C31-1018-4C7C-873C-39E8BBC1170C}.Debug|Any CPU.Build.0 = Debug|Any CPU
		{615E5C31-1018-4C7C-873C-39E8BBC1170C}.Release|Any CPU.ActiveCfg = Release|Any CPU
		{615E5C31-1018-4C7C-873C-39E8BBC1170C}.Release|Any CPU.Build.0 = Release|Any CPU
	EndGlobalSection
	GlobalSection(SolutionProperties) = preSolution
		HideSolutionNode = FALSE
	EndGlobalSection
	GlobalSection(ExtensibilityGlobals) = postSolution
		SolutionGuid = {5F0DEAF6-BCA0-4F84-8F23-36E5A186808A}
	EndGlobalSection
EndGlobal
